
Microsoft Visual Studio Solution File, Format Version 12.00
# Visual Studio 14
VisualStudioVersion = 14.0.24720.0
MinimumVisualStudioVersion = 10.0.40219.1
Project("{FAE04EC0-301F-11D3-BF4B-00C04F79EFBC}") = "WolviesTools", "WolviesTools_2016\WolviesTools.csproj", "{CCBECF0B-6319-4DF6-B0F7-27027BC3DACF}"
EndProject
Global
	GlobalSection(SolutionConfigurationPlatforms) = preSolution
		Debug|Any CPU = Debug|Any CPU
		Release|Any CPU = Release|Any CPU
	EndGlobalSection
	GlobalSection(ProjectConfigurationPlatforms) = postSolution
		{CCBECF0B-6319-4DF6-B0F7-27027BC3DACF}.Debug|Any CPU.ActiveCfg = Debug|Any CPU
		{CCBECF0B-6319-4DF6-B0F7-27027BC3DACF}.Debug|Any CPU.Build.0 = Debug|Any CPU
		{CCBECF0B-6319-4DF6-B0F7-27027BC3DACF}.Release|Any CPU.ActiveCfg = Release|Any CPU
		{CCBECF0B-6319-4DF6-B0F7-27027BC3DACF}.Release|Any CPU.Build.0 = Release|Any CPU
	EndGlobalSection
	GlobalSection(SolutionProperties) = preSolution
		HideSolutionNode = FALSE
	EndGlobalSection
EndGlobal
